
Microsoft Visual Studio Solution File, Format Version 12.00
# Visual Studio Version 17
VisualStudioVersion = 17.3.32825.248
MinimumVisualStudioVersion = 10.0.40219.1
Project("{FAE04EC0-301F-11D3-BF4B-00C04F79EFBC}") = "CGS_database", "CGS_database\CGS_database.csproj", "{787B9432-91C5-4657-B9C3-C33192D8A65C}"
EndProject
Global
	GlobalSection(SolutionConfigurationPlatforms) = preSolution
		Debug|Any CPU = Debug|Any CPU
		Release|Any CPU = Release|Any CPU
	EndGlobalSection
	GlobalSection(ProjectConfigurationPlatforms) = postSolution
		{787B9432-91C5-4657-B9C3-C33192D8A65C}.Debug|Any CPU.ActiveCfg = Debug|Any CPU
		{787B9432-91C5-4657-B9C3-C33192D8A65C}.Debug|Any CPU.Build.0 = Debug|Any CPU
		{787B9432-91C5-4657-B9C3-C33192D8A65C}.Release|Any CPU.ActiveCfg = Release|Any CPU
		{787B9432-91C5-4657-B9C3-C33192D8A65C}.Release|Any CPU.Build.0 = Release|Any CPU
	EndGlobalSection
	GlobalSection(SolutionProperties) = preSolution
		HideSolutionNode = FALSE
	EndGlobalSection
	GlobalSection(ExtensibilityGlobals) = postSolution
		SolutionGuid = {412E8146-8045-4D29-A4D0-BAF80CF76A84}
	EndGlobalSection
EndGlobal
